
Microsoft Visual Studio Solution File, Format Version 12.00
# Visual Studio Version 17
VisualStudioVersion = 17.13.35931.197 d17.13
MinimumVisualStudioVersion = 10.0.40219.1
Project("{FAE04EC0-301F-11D3-BF4B-00C04F79EFBC}") = "IAMS.Api", "src\IAMS.ApiIAMS.Api.csproj", "{DF80A73E-9AC3-44C0-BDA0-2440B63AF9A6}"
EndProject
Project("{FAE04EC0-301F-11D3-BF4B-00C04F79EFBC}") = "IAMS.Domain", "src\IAMS.Domain\IAMS.Domain.csproj", "{251D6030-C4B5-4D5D-A293-AC22A0131DF2}"
EndProject
Project("{2150E333-8FDC-42A3-9474-1A3956D46DE8}") = "Core", "Core", "{02EA681E-C7D8-13C7-8484-4AC65E1B71E8}"
EndProject
Project("{FAE04EC0-301F-11D3-BF4B-00C04F79EFBC}") = "IAMS.Application", "src\IAMS.Application\IAMS.Application.csproj", "{7178DD9E-0EB3-4DFE-A2E6-4558455D9084}"
EndProject
Project("{2150E333-8FDC-42A3-9474-1A3956D46DE8}") = "Infrastructure", "Infrastructure", "{6EADC54E-0907-4A64-B639-A73B71560C2F}"
EndProject
Project("{FAE04EC0-301F-11D3-BF4B-00C04F79EFBC}") = "IAMS.Infrastructure", "src\IAMS.Infrastructure\IAMS.Infrastructure.csproj", "{6581733F-F014-4737-911D-A4EFC58DFE7E}"
EndProject
Project("{FAE04EC0-301F-11D3-BF4B-00C04F79EFBC}") = "IAMS.Persistence", "src\IAMS.Persistence\IAMS.Persistence.csproj", "{40013F7B-7079-4BF2-B5BE-A6B50507EAA3}"
EndProject
Project("{FAE04EC0-301F-11D3-BF4B-00C04F79EFBC}") = "IAMS.Identity", "src\IAMS.Identity\IAMS.Identity.csproj", "{562F7BF1-BA00-4808-8557-8B08FAFE584A}"
EndProject
Project("{2150E333-8FDC-42A3-9474-1A3956D46DE8}") = "Presentation", "Presentation", "{DB47D2B8-CE06-4C65-A067-56FDE08B4BD0}"
EndProject
Project("{FAE04EC0-301F-11D3-BF4B-00C04F79EFBC}") = "IAMS.Web", "src\IAMS.Web\IAMS.Web.csproj", "{FEA713A1-2AC6-4D1F-AB00-0BC071DDB16A}"
EndProject
Project("{2150E333-8FDC-42A3-9474-1A3956D46DE8}") = "Shared", "Shared", "{A3EB51E1-005B-411D-BD7E-F62B1A02306F}"
EndProject
Project("{FAE04EC0-301F-11D3-BF4B-00C04F79EFBC}") = "IAMS.Shared", "src\IAMS.Shared\IAMS.Shared.csproj", "{540EA664-1FB0-4582-9FEB-0DD42874A5C1}"
EndProject
Project("{2150E333-8FDC-42A3-9474-1A3956D46DE8}") = "Multi-Tenancy", "Multi-Tenancy", "{CD87C590-C959-402C-9A3D-32752770C5FD}"
EndProject
Project("{FAE04EC0-301F-11D3-BF4B-00C04F79EFBC}") = "IAMS.MultiTenancy", "src\IAMS.MultiTenancy\IAMS.MultiTenancy.csproj", "{FB78F40D-E3CD-4090-845A-34A697DA5F62}"
EndProject
Project("{2150E333-8FDC-42A3-9474-1A3956D46DE8}") = "Tests", "Tests", "{12251EA0-3D15-48F0-9C03-92140E9470F1}"
EndProject
Project("{FAE04EC0-301F-11D3-BF4B-00C04F79EFBC}") = "IAMS.UnitTests", "tests\IAMS.UnitTests\IAMS.UnitTests.csproj", "{ABC5075B-6C7A-4B0D-857A-5ADC090470BE}"
EndProject
Project("{FAE04EC0-301F-11D3-BF4B-00C04F79EFBC}") = "IAMS.IntegrationTests", "tests\IAMS.IntegrationTests\IAMS.IntegrationTests.csproj", "{BB35A4BD-8B7A-4E5B-B482-6D71A92D1B90}"
EndProject
Project("{FAE04EC0-301F-11D3-BF4B-00C04F79EFBC}") = "IAMS.KnowledgeBase", "src\IAMS.KnowledgeBase\IAMS.KnowledgeBase.csproj", "{3B5467BC-3704-491E-B817-69202B097228}"
EndProject
Global
	GlobalSection(SolutionConfigurationPlatforms) = preSolution
		Debug|Any CPU = Debug|Any CPU
		Release|Any CPU = Release|Any CPU
	EndGlobalSection
	GlobalSection(ProjectConfigurationPlatforms) = postSolution
		{DF80A73E-9AC3-44C0-BDA0-2440B63AF9A6}.Debug|Any CPU.ActiveCfg = Debug|Any CPU
		{DF80A73E-9AC3-44C0-BDA0-2440B63AF9A6}.Debug|Any CPU.Build.0 = Debug|Any CPU
		{DF80A73E-9AC3-44C0-BDA0-2440B63AF9A6}.Release|Any CPU.ActiveCfg = Release|Any CPU
		{DF80A73E-9AC3-44C0-BDA0-2440B63AF9A6}.Release|Any CPU.Build.0 = Release|Any CPU
		{251D6030-C4B5-4D5D-A293-AC22A0131DF2}.Debug|Any CPU.ActiveCfg = Debug|Any CPU
		{251D6030-C4B5-4D5D-A293-AC22A0131DF2}.Debug|Any CPU.Build.0 = Debug|Any CPU
		{251D6030-C4B5-4D5D-A293-AC22A0131DF2}.Release|Any CPU.ActiveCfg = Release|Any CPU
		{251D6030-C4B5-4D5D-A293-AC22A0131DF2}.Release|Any CPU.Build.0 = Release|Any CPU
		{7178DD9E-0EB3-4DFE-A2E6-4558455D9084}.Debug|Any CPU.ActiveCfg = Debug|Any CPU
		{7178DD9E-0EB3-4DFE-A2E6-4558455D9084}.Debug|Any CPU.Build.0 = Debug|Any CPU
		{7178DD9E-0EB3-4DFE-A2E6-4558455D9084}.Release|Any CPU.ActiveCfg = Release|Any CPU
		{7178DD9E-0EB3-4DFE-A2E6-4558455D9084}.Release|Any CPU.Build.0 = Release|Any CPU
		{6581733F-F014-4737-911D-A4EFC58DFE7E}.Debug|Any CPU.ActiveCfg = Debug|Any CPU
		{6581733F-F014-4737-911D-A4EFC58DFE7E}.Debug|Any CPU.Build.0 = Debug|Any CPU
		{6581733F-F014-4737-911D-A4EFC58DFE7E}.Release|Any CPU.ActiveCfg = Release|Any CPU
		{6581733F-F014-4737-911D-A4EFC58DFE7E}.Release|Any CPU.Build.0 = Release|Any CPU
		{40013F7B-7079-4BF2-B5BE-A6B50507EAA3}.Debug|Any CPU.ActiveCfg = Debug|Any CPU
		{40013F7B-7079-4BF2-B5BE-A6B50507EAA3}.Debug|Any CPU.Build.0 = Debug|Any CPU
		{40013F7B-7079-4BF2-B5BE-A6B50507EAA3}.Release|Any CPU.ActiveCfg = Release|Any CPU
		{40013F7B-7079-4BF2-B5BE-A6B50507EAA3}.Release|Any CPU.Build.0 = Release|Any CPU
		{562F7BF1-BA00-4808-8557-8B08FAFE584A}.Debug|Any CPU.ActiveCfg = Debug|Any CPU
		{562F7BF1-BA00-4808-8557-8B08FAFE584A}.Debug|Any CPU.Build.0 = Debug|Any CPU
		{562F7BF1-BA00-4808-8557-8B08FAFE584A}.Release|Any CPU.ActiveCfg = Release|Any CPU
		{562F7BF1-BA00-4808-8557-8B08FAFE584A}.Release|Any CPU.Build.0 = Release|Any CPU
		{FEA713A1-2AC6-4D1F-AB00-0BC071DDB16A}.Debug|Any CPU.ActiveCfg = Debug|Any CPU
		{FEA713A1-2AC6-4D1F-AB00-0BC071DDB16A}.Debug|Any CPU.Build.0 = Debug|Any CPU
		{FEA713A1-2AC6-4D1F-AB00-0BC071DDB16A}.Release|Any CPU.ActiveCfg = Release|Any CPU
		{FEA713A1-2AC6-4D1F-AB00-0BC071DDB16A}.Release|Any CPU.Build.0 = Release|Any CPU
		{540EA664-1FB0-4582-9FEB-0DD42874A5C1}.Debug|Any CPU.ActiveCfg = Debug|Any CPU
		{540EA664-1FB0-4582-9FEB-0DD42874A5C1}.Debug|Any CPU.Build.0 = Debug|Any CPU
		{540EA664-1FB0-4582-9FEB-0DD42874A5C1}.Release|Any CPU.ActiveCfg = Release|Any CPU
		{540EA664-1FB0-4582-9FEB-0DD42874A5C1}.Release|Any CPU.Build.0 = Release|Any CPU
		{FB78F40D-E3CD-4090-845A-34A697DA5F62}.Debug|Any CPU.ActiveCfg = Debug|Any CPU
		{FB78F40D-E3CD-4090-845A-34A697DA5F62}.Debug|Any CPU.Build.0 = Debug|Any CPU
		{FB78F40D-E3CD-4090-845A-34A697DA5F62}.Release|Any CPU.ActiveCfg = Release|Any CPU
		{FB78F40D-E3CD-4090-845A-34A697DA5F62}.Release|Any CPU.Build.0 = Release|Any CPU
		{ABC5075B-6C7A-4B0D-857A-5ADC090470BE}.Debug|Any CPU.ActiveCfg = Debug|Any CPU
		{ABC5075B-6C7A-4B0D-857A-5ADC090470BE}.Debug|Any CPU.Build.0 = Debug|Any CPU
		{ABC5075B-6C7A-4B0D-857A-5ADC090470BE}.Release|Any CPU.ActiveCfg = Release|Any CPU
		{ABC5075B-6C7A-4B0D-857A-5ADC090470BE}.Release|Any CPU.Build.0 = Release|Any CPU
		{BB35A4BD-8B7A-4E5B-B482-6D71A92D1B90}.Debug|Any CPU.ActiveCfg = Debug|Any CPU
		{BB35A4BD-8B7A-4E5B-B482-6D71A92D1B90}.Debug|Any CPU.Build.0 = Debug|Any CPU
		{BB35A4BD-8B7A-4E5B-B482-6D71A92D1B90}.Release|Any CPU.ActiveCfg = Release|Any CPU
		{BB35A4BD-8B7A-4E5B-B482-6D71A92D1B90}.Release|Any CPU.Build.0 = Release|Any CPU
		{3B5467BC-3704-491E-B817-69202B097228}.Debug|Any CPU.ActiveCfg = Debug|Any CPU
		{3B5467BC-3704-491E-B817-69202B097228}.Debug|Any CPU.Build.0 = Debug|Any CPU
		{3B5467BC-3704-491E-B817-69202B097228}.Release|Any CPU.ActiveCfg = Release|Any CPU
		{3B5467BC-3704-491E-B817-69202B097228}.Release|Any CPU.Build.0 = Release|Any CPU
	EndGlobalSection
	GlobalSection(SolutionProperties) = preSolution
		HideSolutionNode = FALSE
	EndGlobalSection
	GlobalSection(NestedProjects) = preSolution
		{DF80A73E-9AC3-44C0-BDA0-2440B63AF9A6} = {DB47D2B8-CE06-4C65-A067-56FDE08B4BD0}
		{251D6030-C4B5-4D5D-A293-AC22A0131DF2} = {02EA681E-C7D8-13C7-8484-4AC65E1B71E8}
		{7178DD9E-0EB3-4DFE-A2E6-4558455D9084} = {02EA681E-C7D8-13C7-8484-4AC65E1B71E8}
		{6581733F-F014-4737-911D-A4EFC58DFE7E} = {6EADC54E-0907-4A64-B639-A73B71560C2F}
		{40013F7B-7079-4BF2-B5BE-A6B50507EAA3} = {6EADC54E-0907-4A64-B639-A73B71560C2F}
		{562F7BF1-BA00-4808-8557-8B08FAFE584A} = {6EADC54E-0907-4A64-B639-A73B71560C2F}
		{FEA713A1-2AC6-4D1F-AB00-0BC071DDB16A} = {DB47D2B8-CE06-4C65-A067-56FDE08B4BD0}
		{540EA664-1FB0-4582-9FEB-0DD42874A5C1} = {A3EB51E1-005B-411D-BD7E-F62B1A02306F}
		{FB78F40D-E3CD-4090-845A-34A697DA5F62} = {CD87C590-C959-402C-9A3D-32752770C5FD}
		{ABC5075B-6C7A-4B0D-857A-5ADC090470BE} = {12251EA0-3D15-48F0-9C03-92140E9470F1}
		{BB35A4BD-8B7A-4E5B-B482-6D71A92D1B90} = {12251EA0-3D15-48F0-9C03-92140E9470F1}
		{3B5467BC-3704-491E-B817-69202B097228} = {6EADC54E-0907-4A64-B639-A73B71560C2F}
	EndGlobalSection
	GlobalSection(ExtensibilityGlobals) = postSolution
		SolutionGuid = {9C9BC67B-BCCC-48B6-853D-8557717EFADC}
	EndGlobalSection
EndGlobal
